{
  "name": "TaskManager",
  "lockfileVersion": 3,
  "requires": true,
  "packages": {
    "": {
      "dependencies": {
        "@capacitor/local-notifications": "^6.0.0"
      }
    },
    "node_modules/@capacitor/core": {
      "version": "6.1.1",
      "resolved": "https://registry.npmjs.org/@capacitor/core/-/core-6.1.1.tgz",
      "integrity": "sha512-b1s4WDMy3Y1/owTG2/XNGCI6G5SDpF2NT1JMAgcShue13fiAuHA+Ans7Wfei6McvR0KdopAE6tMHmDAfL5PM8Q==",
      "license": "MIT",
      "peer": true,
      "dependencies": {
        "tslib": "^2.1.0"
      }
    },
    "node_modules/@capacitor/local-notifications": {
      "version": "6.0.0",
      "resolved": "https://registry.npmjs.org/@capacitor/local-notifications/-/local-notifications-6.0.0.tgz",
      "integrity": "sha512-a/g/ZlPgaBXue374oNzGvvNZWNpnclfcLzfE/P/PjhHxdHsM7J3OK0IfmjrEsRiON4AEIga+dkHi5yBjNAHCFw==",
      "license": "MIT",
      "peerDependencies": {
        "@capacitor/core": "^6.0.0"
      }
    },
    "node_modules/tslib": {
      "version": "2.6.3",
      "resolved": "https://registry.npmjs.org/tslib/-/tslib-2.6.3.tgz",
      "integrity": "sha512-xNvxJEOUiWPGhUuUdQgAJPKOOJfGnIyKySOc09XkKsgdUV/3E2zvwZYdejjmRgPCgcym1juLH3226yA7sEFJKQ==",
      "license": "0BSD",
      "peer": true
    }
  }
}
